github.com/matryer/is v1.4.1 h1:55ehd8zaGABKLXQUe2awZ99BD/PTc2ls+KV/dXphgEQ=
github.com/matryer/is v1.4.1/go.mod h1:8I/i5uYgLzgsgEloJE1U6xx5HkBQpAZvepWuujKwMRU=
github.com/orsinium-labs/enum v1.3.0 h1:OsIMdDbY06X4N4urfk/ysMATuByK3I8troJ754XphDM=
github.com/orsinium-labs/enum v1.3.0/go.mod h1:Qj5IK2pnElZtkZbGDxZMjpt7SUsn4tqE5vRelmWaBbc=
