github.com/davecgh/go-spew v1.1.1 h1:vj9j/u1bqnvCEfJOwUhtlOARqs3+rkHYY13jYWTU97c=
github.com/koss-null/funcfrog v1.0.2 h1:wd65fPySZM5w1mNBuIScNp0Ub2DcTeCTheXfbRpFwTQ=
github.com/koss-null/funcfrog v1.0.2/go.mod h1:3isY6NS0vWtlwKRx3TncMLo+cZsThq3Z6kOrPsXP/AM=
github.com/pmezard/go-difflib v1.0.0 h1:4DBwDE0NGyQoBHbLQYPwSUPoCMWR5BEzIk/f1lZbAQM=
github.com/stretchr/testify v1.8.0 h1:pSgiaMZlXftHpm5L7V1+rVB+AZJydKsMxsQBIJw4PKk=
golang.org/x/exp v0.0.0-20220916125017-b168a2c6b86b h1:SCE/18RnFsLrjydh/R/s5EVvHoZprqEQUuoxK8q2Pc4=
golang.org/x/exp v0.0.0-20220916125017-b168a2c6b86b/go.mod h1:cyybsKvd6eL0RnXn6p/Grxp8F5bW7iYuBgsNCOHpMYE=
gopkg.in/yaml.v3 v3.0.1 h1:fxVm/GzAzEWqLHuvctI91KS9hhNmmWOoWu0XTYJS7CA=
