github.com/samber/do/v2 v2.1.0 h1:lqCHn05XvY3VqwxvZDQPSkH+jIGWSVHUrSVLEbPOopo=
github.com/samber/do/v2 v2.1.0/go.mod h1:wJBoiaZcUZyGuraOhfz15b517ZMogGs+U03DvnqvT6Q=
github.com/samber/go-type-to-string v1.8.0 h1:5z6tDTjtXxkIAoAuHAZYMYR8mkBZjVgeSH7jcSLqc8w=
github.com/samber/go-type-to-string v1.8.0/go.mod h1:jpU77vIDoIxkahknKDoEx9C8bQ1ADnh2sotZ8I4QqBU=
